
Microsoft Visual Studio Solution File, Format Version 12.00
# Visual Studio Version 17
VisualStudioVersion = 17.9.34728.123
MinimumVisualStudioVersion = 10.0.40219.1
Project("{FAE04EC0-301F-11D3-BF4B-00C04F79EFBC}") = "CodeTheoryAssignment.MVC", "CodeTheoryAssignment.MVC\CodeTheoryAssignment.MVC.csproj", "{51E95A95-E17E-4768-A786-8798327B99C5}"
EndProject
Project("{FAE04EC0-301F-11D3-BF4B-00C04F79EFBC}") = "CodeTheoryAssignment.API", "CodeTheoryAssignment.API\CodeTheoryAssignment.API.csproj", "{0D03BB36-4B02-407E-9903-D7136E0FA98D}"
EndProject
Project("{FAE04EC0-301F-11D3-BF4B-00C04F79EFBC}") = "CodeTheoryAssignment.Library", "CodeTheoryAssignment.Library\CodeTheoryAssignment.Library.csproj", "{49BD9DF9-90FA-407E-B568-789922255435}"
EndProject
Global
	GlobalSection(SolutionConfigurationPlatforms) = preSolution
		Debug|Any CPU = Debug|Any CPU
		Release|Any CPU = Release|Any CPU
	EndGlobalSection
	GlobalSection(ProjectConfigurationPlatforms) = postSolution
		{51E95A95-E17E-4768-A786-8798327B99C5}.Debug|Any CPU.ActiveCfg = Debug|Any CPU
		{51E95A95-E17E-4768-A786-8798327B99C5}.Debug|Any CPU.Build.0 = Debug|Any CPU
		{51E95A95-E17E-4768-A786-8798327B99C5}.Release|Any CPU.ActiveCfg = Release|Any CPU
		{51E95A95-E17E-4768-A786-8798327B99C5}.Release|Any CPU.Build.0 = Release|Any CPU
		{0D03BB36-4B02-407E-9903-D7136E0FA98D}.Debug|Any CPU.ActiveCfg = Debug|Any CPU
		{0D03BB36-4B02-407E-9903-D7136E0FA98D}.Debug|Any CPU.Build.0 = Debug|Any CPU
		{0D03BB36-4B02-407E-9903-D7136E0FA98D}.Release|Any CPU.ActiveCfg = Release|Any CPU
		{0D03BB36-4B02-407E-9903-D7136E0FA98D}.Release|Any CPU.Build.0 = Release|Any CPU
		{49BD9DF9-90FA-407E-B568-789922255435}.Debug|Any CPU.ActiveCfg = Debug|Any CPU
		{49BD9DF9-90FA-407E-B568-789922255435}.Debug|Any CPU.Build.0 = Debug|Any CPU
		{49BD9DF9-90FA-407E-B568-789922255435}.Release|Any CPU.ActiveCfg = Release|Any CPU
		{49BD9DF9-90FA-407E-B568-789922255435}.Release|Any CPU.Build.0 = Release|Any CPU
	EndGlobalSection
	GlobalSection(SolutionProperties) = preSolution
		HideSolutionNode = FALSE
	EndGlobalSection
	GlobalSection(ExtensibilityGlobals) = postSolution
		SolutionGuid = {20C0A97F-7688-4A6A-ABC3-7C68EC394349}
	EndGlobalSection
EndGlobal
